
Microsoft Visual Studio Solution File, Format Version 11.00
# Visual Studio 2010
Project("{FAE04EC0-301F-11D3-BF4B-00C04F79EFBC}") = "zencoder-dotnet", "zencoder-dotnet\zencoder-dotnet.csproj", "{B23E3F09-1459-4F62-AC33-8E4BB5CADFCD}"
EndProject
Global
	GlobalSection(SolutionConfigurationPlatforms) = preSolution
		Debug|Any CPU = Debug|Any CPU
		Release|Any CPU = Release|Any CPU
	EndGlobalSection
	GlobalSection(ProjectConfigurationPlatforms) = postSolution
		{B23E3F09-1459-4F62-AC33-8E4BB5CADFCD}.Debug|Any CPU.ActiveCfg = Debug|Any CPU
		{B23E3F09-1459-4F62-AC33-8E4BB5CADFCD}.Debug|Any CPU.Build.0 = Debug|Any CPU
		{B23E3F09-1459-4F62-AC33-8E4BB5CADFCD}.Release|Any CPU.ActiveCfg = Release|Any CPU
		{B23E3F09-1459-4F62-AC33-8E4BB5CADFCD}.Release|Any CPU.Build.0 = Release|Any CPU
	EndGlobalSection
	GlobalSection(SolutionProperties) = preSolution
		HideSolutionNode = FALSE
	EndGlobalSection
EndGlobal
